// !$*UTF8*$!
{
	archiveVersion = 1;
	classes = {
	};
	objectVersion = 56;
	objects = {

/* Begin PBXBuildFile section */
		0F239FCA2BA0936D00F74D9D /* AppDelegate.swift in Sources */ = {isa = PBXBuildFile; fileRef = 0F239FC92BA0936D00F74D9D /* AppDelegate.swift */; };
		0F239FCC2BA0936D00F74D9D /* SceneDelegate.swift in Sources */ = {isa = PBXBuildFile; fileRef = 0F239FCB2BA0936D00F74D9D /* SceneDelegate.swift */; };
		0F239FD12BA0936D00F74D9D /* Main.storyboard in Resources */ = {isa = PBXBuildFile; fileRef = 0F239FCF2BA0936D00F74D9D /* Main.storyboard */; };
		0F239FD32BA0936E00F74D9D /* Assets.xcassets in Resources */ = {isa = PBXBuildFile; fileRef = 0F239FD22BA0936E00F74D9D /* Assets.xcassets */; };
		0F239FD62BA0936E00F74D9D /* LaunchScreen.storyboard in Resources */ = {isa = PBXBuildFile; fileRef = 0F239FD42BA0936E00F74D9D /* LaunchScreen.storyboard */; };
		0F239FDE2BA093D900F74D9D /* CatModel.swift in Sources */ = {isa = PBXBuildFile; fileRef = 0F239FDD2BA093D900F74D9D /* CatModel.swift */; };
		0F239FE02BA0945300F74D9D /* CatImages.swift in Sources */ = {isa = PBXBuildFile; fileRef = 0F239FDF2BA0945300F74D9D /* CatImages.swift */; };
		0F239FE42BA0965100F74D9D /* CatBreedTableViewController.swift in Sources */ = {isa = PBXBuildFile; fileRef = 0F239FE32BA0965100F74D9D /* CatBreedTableViewController.swift */; };
		0F7BE4D42BAE351800B107AB /* CatDetailViewController.swift in Sources */ = {isa = PBXBuildFile; fileRef = 0F7BE4D32BAE351800B107AB /* CatDetailViewController.swift */; };
		0FDE8F362BA09DD60052AD47 /* CatBreedTableViewCell.swift in Sources */ = {isa = PBXBuildFile; fileRef = 0FDE8F352BA09DD60052AD47 /* CatBreedTableViewCell.swift */; };
/* End PBXBuildFile section */

/* Begin PBXFileReference section */
		0F239FC62BA0936D00F74D9D /* Its Raining Cats and Dogs in the App.app */ = {isa = PBXFileReference; explicitFileType = wrapper.application; includeInIndex = 0; path = "Its Raining Cats and Dogs in the App.app"; sourceTree = BUILT_PRODUCTS_DIR; };
		0F239FC92BA0936D00F74D9D /* AppDelegate.swift */ = {isa = PBXFileReference; lastKnownFileType = sourcecode.swift; path = AppDelegate.swift; sourceTree = "<group>"; };
		0F239FCB2BA0936D00F74D9D /* SceneDelegate.swift */ = {isa = PBXFileReference; lastKnownFileType = sourcecode.swift; path = SceneDelegate.swift; sourceTree = "<group>"; };
		0F239FD02BA0936D00F74D9D /* Base */ = {isa = PBXFileReference; lastKnownFileType = file.storyboard; name = Base; path = Base.lproj/Main.storyboard; sourceTree = "<group>"; };
		0F239FD22BA0936E00F74D9D /* Assets.xcassets */ = {isa = PBXFileReference; lastKnownFileType = folder.assetcatalog; path = Assets.xcassets; sourceTree = "<group>"; };
		0F239FD52BA0936E00F74D9D /* Base */ = {isa = PBXFileReference; lastKnownFileType = file.storyboard; name = Base; path = Base.lproj/LaunchScreen.storyboard; sourceTree = "<group>"; };
		0F239FD72BA0936E00F74D9D /* Info.plist */ = {isa = PBXFileReference; lastKnownFileType = text.plist.xml; path = Info.plist; sourceTree = "<group>"; };
		0F239FDD2BA093D900F74D9D /* CatModel.swift */ = {isa = PBXFileReference; lastKnownFileType = sourcecode.swift; path = CatModel.swift; sourceTree = "<group>"; };
		0F239FDF2BA0945300F74D9D /* CatImages.swift */ = {isa = PBXFileReference; lastKnownFileType = sourcecode.swift; path = CatImages.swift; sourceTree = "<group>"; };
		0F239FE32BA0965100F74D9D /* CatBreedTableViewController.swift */ = {isa = PBXFileReference; lastKnownFileType = sourcecode.swift; path = CatBreedTableViewController.swift; sourceTree = "<group>"; };
		0F7BE4D32BAE351800B107AB /* CatDetailViewController.swift */ = {isa = PBXFileReference; lastKnownFileType = sourcecode.swift; path = CatDetailViewController.swift; sourceTree = "<group>"; };
		0FDE8F352BA09DD60052AD47 /* CatBreedTableViewCell.swift */ = {isa = PBXFileReference; lastKnownFileType = sourcecode.swift; path = CatBreedTableViewCell.swift; sourceTree = "<group>"; };
/* End PBXFileReference section */

/* Begin PBXFrameworksBuildPhase section */
		0F239FC32BA0936D00F74D9D /* Frameworks */ = {
			isa = PBXFrameworksBuildPhase;
			buildActionMask = 2147483647;
			files = (
			);
			runOnlyForDeploymentPostprocessing = 0;
		};
/* End PBXFrameworksBuildPhase section */

/* Begin PBXGroup section */
		0F239FBD2BA0936D00F74D9D = {
			isa = PBXGroup;
			children = (
				0F239FC82BA0936D00F74D9D /* Its Raining Cats and Dogs in the App */,
				0F239FC72BA0936D00F74D9D /* Products */,
			);
			sourceTree = "<group>";
		};
		0F239FC72BA0936D00F74D9D /* Products */ = {
			isa = PBXGroup;
			children = (
				0F239FC62BA0936D00F74D9D /* Its Raining Cats and Dogs in the App.app */,
			);
			name = Products;
			sourceTree = "<group>";
		};
		0F239FC82BA0936D00F74D9D /* Its Raining Cats and Dogs in the App */ = {
			isa = PBXGroup;
			children = (
				0F239FC92BA0936D00F74D9D /* AppDelegate.swift */,
				0F239FCB2BA0936D00F74D9D /* SceneDelegate.swift */,
				0F239FCF2BA0936D00F74D9D /* Main.storyboard */,
				0F7BE4D32BAE351800B107AB /* CatDetailViewController.swift */,
				0F239FE32BA0965100F74D9D /* CatBreedTableViewController.swift */,
				0FDE8F352BA09DD60052AD47 /* CatBreedTableViewCell.swift */,
				0F239FDD2BA093D900F74D9D /* CatModel.swift */,
				0F239FDF2BA0945300F74D9D /* CatImages.swift */,
				0F239FD22BA0936E00F74D9D /* Assets.xcassets */,
				0F239FD42BA0936E00F74D9D /* LaunchScreen.storyboard */,
				0F239FD72BA0936E00F74D9D /* Info.plist */,
			);
			path = "Its Raining Cats and Dogs in the App";
			sourceTree = "<group>";
		};
/* End PBXGroup section */

/* Begin PBXNativeTarget section */
		0F239FC52BA0936D00F74D9D /* Its Raining Cats and Dogs in the App */ = {
			isa = PBXNativeTarget;
			buildConfigurationList = 0F239FDA2BA0936E00F74D9D /* Build configuration list for PBXNativeTarget "Its Raining Cats and Dogs in the App" */;
			buildPhases = (
				0F239FC22BA0936D00F74D9D /* Sources */,
				0F239FC32BA0936D00F74D9D /* Frameworks */,
				0F239FC42BA0936D00F74D9D /* Resources */,
			);
			buildRules = (
			);
			dependencies = (
			);
			name = "Its Raining Cats and Dogs in the App";
			productName = "Its Raining Cats and Dogs in the App";
			productReference = 0F239FC62BA0936D00F74D9D /* Its Raining Cats and Dogs in the App.app */;
			productType = "com.apple.product-type.application";
		};
/* End PBXNativeTarget section */

/* Begin PBXProject section */
		0F239FBE2BA0936D00F74D9D /* Project object */ = {
			isa = PBXProject;
			attributes = {
				BuildIndependentTargetsInParallel = 1;
				LastSwiftUpdateCheck = 1420;
				LastUpgradeCheck = 1420;
				TargetAttributes = {
					0F239FC52BA0936D00F74D9D = {
						CreatedOnToolsVersion = 14.2;
					};
				};
			};
			buildConfigurationList = 0F239FC12BA0936D00F74D9D /* Build configuration list for PBXProject "Its Raining Cats and Dogs in the App" */;
			compatibilityVersion = "Xcode 14.0";
			developmentRegion = en;
			hasScannedForEncodings = 0;
			knownRegions = (
				en,
				Base,
			);
			mainGroup = 0F239FBD2BA0936D00F74D9D;
			productRefGroup = 0F239FC72BA0936D00F74D9D /* Products */;
			projectDirPath = "";
			projectRoot = "";
			targets = (
				0F239FC52BA0936D00F74D9D /* Its Raining Cats and Dogs in the App */,
			);
		};
/* End PBXProject section */

/* Begin PBXResourcesBuildPhase section */
		0F239FC42BA0936D00F74D9D /* Resources */ = {
			isa = PBXResourcesBuildPhase;
			buildActionMask = 2147483647;
			files = (
				0F239FD62BA0936E00F74D9D /* LaunchScreen.storyboard in Resources */,
				0F239FD32BA0936E00F74D9D /* Assets.xcassets in Resources */,
				0F239FD12BA0936D00F74D9D /* Main.storyboard in Resources */,
			);
			runOnlyForDeploymentPostprocessing = 0;
		};
/* End PBXResourcesBuildPhase section */

/* Begin PBXSourcesBuildPhase section */
		0F239FC22BA0936D00F74D9D /* Sources */ = {
			isa = PBXSourcesBuildPhase;
			buildActionMask = 2147483647;
			files = (
				0F239FE42BA0965100F74D9D /* CatBreedTableViewController.swift in Sources */,
				0F239FE02BA0945300F74D9D /* CatImages.swift in Sources */,
				0F239FDE2BA093D900F74D9D /* CatModel.swift in Sources */,
				0FDE8F362BA09DD60052AD47 /* CatBreedTableViewCell.swift in Sources */,
				0F239FCA2BA0936D00F74D9D /* AppDelegate.swift in Sources */,
				0F7BE4D42BAE351800B107AB /* CatDetailViewController.swift in Sources */,
				0F239FCC2BA0936D00F74D9D /* SceneDelegate.swift in Sources */,
			);
			runOnlyForDeploymentPostprocessing = 0;
		};
/* End PBXSourcesBuildPhase section */

/* Begin PBXVariantGroup section */
		0F239FCF2BA0936D00F74D9D /* Main.storyboard */ = {
			isa = PBXVariantGroup;
			children = (
				0F239FD02BA0936D00F74D9D /* Base */,
			);
			name = Main.storyboard;
			sourceTree = "<group>";
		};
		0F239FD42BA0936E00F74D9D /* LaunchScreen.storyboard */ = {
			isa = PBXVariantGroup;
			children = (
				0F239FD52BA0936E00F74D9D /* Base */,
			);
			name = LaunchScreen.storyboard;
			sourceTree = "<group>";
		};
/* End PBXVariantGroup section */

/* Begin XCBuildConfiguration section */
		0F239FD82BA0936E00F74D9D /* Debug */ = {
			isa = XCBuildConfiguration;
			buildSettings = {
				ALWAYS_SEARCH_USER_PATHS = NO;
				CLANG_ANALYZER_NONNULL = YES;
				CLANG_ANALYZER_NUMBER_OBJECT_CONVERSION = YES_AGGRESSIVE;
				CLANG_CXX_LANGUAGE_STANDARD = "gnu++20";
				CLANG_ENABLE_MODULES = YES;
				CLANG_ENABLE_OBJC_ARC = YES;
				CLANG_ENABLE_OBJC_WEAK = YES;
				CLANG_WARN_BLOCK_CAPTURE_AUTORELEASING = YES;
				CLANG_WARN_BOOL_CONVERSION = YES;
				CLANG_WARN_COMMA = YES;
				CLANG_WARN_CONSTANT_CONVERSION = YES;
				CLANG_WARN_DEPRECATED_OBJC_IMPLEMENTATIONS = YES;
				CLANG_WARN_DIRECT_OBJC_ISA_USAGE = YES_ERROR;
				CLANG_WARN_DOCUMENTATION_COMMENTS = YES;
				CLANG_WARN_EMPTY_BODY = YES;
				CLANG_WARN_ENUM_CONVERSION = YES;
				CLANG_WARN_INFINITE_RECURSION = YES;
				CLANG_WARN_INT_CONVERSION = YES;
				CLANG_WARN_NON_LITERAL_NULL_CONVERSION = YES;
				CLANG_WARN_OBJC_IMPLICIT_RETAIN_SELF = YES;
				CLANG_WARN_OBJC_LITERAL_CONVERSION = YES;
				CLANG_WARN_OBJC_ROOT_CLASS = YES_ERROR;
				CLANG_WARN_QUOTED_INCLUDE_IN_FRAMEWORK_HEADER = YES;
				CLANG_WARN_RANGE_LOOP_ANALYSIS = YES;
				CLANG_WARN_STRICT_PROTOTYPES = YES;
				CLANG_WARN_SUSPICIOUS_MOVE = YES;
				CLANG_WARN_UNGUARDED_AVAILABILITY = YES_AGGRESSIVE;
				CLANG_WARN_UNREACHABLE_CODE = YES;
				CLANG_WARN__DUPLICATE_METHOD_MATCH = YES;
				COPY_PHASE_STRIP = NO;
				DEBUG_INFORMATION_FORMAT = dwarf;
				ENABLE_STRICT_OBJC_MSGSEND = YES;
				ENABLE_TESTABILITY = YES;
				GCC_C_LANGUAGE_STANDARD = gnu11;
				GCC_DYNAMIC_NO_PIC = NO;
				GCC_NO_COMMON_BLOCKS = YES;
				GCC_OPTIMIZATION_LEVEL = 0;
				GCC_PREPROCESSOR_DEFINITIONS = (
					"DEBUG=1",
					"$(inherited)",
				);
				GCC_WARN_64_TO_32_BIT_CONVERSION = YES;
				GCC_WARN_ABOUT_RETURN_TYPE = YES_ERROR;
				GCC_WARN_UNDECLARED_SELECTOR = YES;
				GCC_WARN_UNINITIALIZED_AUTOS = YES_AGGRESSIVE;
				GCC_WARN_UNUSED_FUNCTION = YES;
				GCC_WARN_UNUSED_VARIABLE = YES;
				IPHONEOS_DEPLOYMENT_TARGET = 16.2;
				MTL_ENABLE_DEBUG_INFO = INCLUDE_SOURCE;
				MTL_FAST_MATH = YES;
				ONLY_ACTIVE_ARCH = YES;
				SDKROOT = iphoneos;
				SWIFT_ACTIVE_COMPILATION_CONDITIONS = DEBUG;
				SWIFT_OPTIMIZATION_LEVEL = "-Onone";
			};
			name = Debug;
		};
		0F239FD92BA0936E00F74D9D /* Release */ = {
			isa = XCBuildConfiguration;
			buildSettings = {
				ALWAYS_SEARCH_USER_PATHS = NO;
				CLANG_ANALYZER_NONNULL = YES;
				CLANG_ANALYZER_NUMBER_OBJECT_CONVERSION = YES_AGGRESSIVE;
				CLANG_CXX_LANGUAGE_STANDARD = "gnu++20";
				CLANG_ENABLE_MODULES = YES;
				CLANG_ENABLE_OBJC_ARC = YES;
				CLANG_ENABLE_OBJC_WEAK = YES;
				CLANG_WARN_BLOCK_CAPTURE_AUTORELEASING = YES;
				CLANG_WARN_BOOL_CONVERSION = YES;
				CLANG_WARN_COMMA = YES;
				CLANG_WARN_CONSTANT_CONVERSION = YES;
				CLANG_WARN_DEPRECATED_OBJC_IMPLEMENTATIONS = YES;
				CLANG_WARN_DIRECT_OBJC_ISA_USAGE = YES_ERROR;
				CLANG_WARN_DOCUMENTATION_COMMENTS = YES;
				CLANG_WARN_EMPTY_BODY = YES;
				CLANG_WARN_ENUM_CONVERSION = YES;
				CLANG_WARN_INFINITE_RECURSION = YES;
				CLANG_WARN_INT_CONVERSION = YES;
				CLANG_WARN_NON_LITERAL_NULL_CONVERSION = YES;
				CLANG_WARN_OBJC_IMPLICIT_RETAIN_SELF = YES;
				CLANG_WARN_OBJC_LITERAL_CONVERSION = YES;
				CLANG_WARN_OBJC_ROOT_CLASS = YES_ERROR;
				CLANG_WARN_QUOTED_INCLUDE_IN_FRAMEWORK_HEADER = YES;
				CLANG_WARN_RANGE_LOOP_ANALYSIS = YES;
				CLANG_WARN_STRICT_PROTOTYPES = YES;
				CLANG_WARN_SUSPICIOUS_MOVE = YES;
				CLANG_WARN_UNGUARDED_AVAILABILITY = YES_AGGRESSIVE;
				CLANG_WARN_UNREACHABLE_CODE = YES;
				CLANG_WARN__DUPLICATE_METHOD_MATCH = YES;
				COPY_PHASE_STRIP = NO;
				DEBUG_INFORMATION_FORMAT = "dwarf-with-dsym";
				ENABLE_NS_ASSERTIONS = NO;
				ENABLE_STRICT_OBJC_MSGSEND = YES;
				GCC_C_LANGUAGE_STANDARD = gnu11;
				GCC_NO_COMMON_BLOCKS = YES;
				GCC_WARN_64_TO_32_BIT_CONVERSION = YES;
				GCC_WARN_ABOUT_RETURN_TYPE = YES_ERROR;
				GCC_WARN_UNDECLARED_SELECTOR = YES;
				GCC_WARN_UNINITIALIZED_AUTOS = YES_AGGRESSIVE;
				GCC_WARN_UNUSED_FUNCTION = YES;
				GCC_WARN_UNUSED_VARIABLE = YES;
				IPHONEOS_DEPLOYMENT_TARGET = 16.2;
				MTL_ENABLE_DEBUG_INFO = NO;
				MTL_FAST_MATH = YES;
				SDKROOT = iphoneos;
				SWIFT_COMPILATION_MODE = wholemodule;
				SWIFT_OPTIMIZATION_LEVEL = "-O";
				VALIDATE_PRODUCT = YES;
			};
			name = Release;
		};
		0F239FDB2BA0936E00F74D9D /* Debug */ = {
			isa = XCBuildConfiguration;
			buildSettings = {
				ASSETCATALOG_COMPILER_APPICON_NAME = AppIcon;
				ASSETCATALOG_COMPILER_GLOBAL_ACCENT_COLOR_NAME = AccentColor;
				CODE_SIGN_STYLE = Automatic;
				CURRENT_PROJECT_VERSION = 1;
				GENERATE_INFOPLIST_FILE = YES;
				INFOPLIST_FILE = "Its Raining Cats and Dogs in the App/Info.plist";
				INFOPLIST_KEY_UIApplicationSupportsIndirectInputEvents = YES;
				INFOPLIST_KEY_UILaunchStoryboardName = LaunchScreen;
				INFOPLIST_KEY_UIMainStoryboardFile = Main;
				INFOPLIST_KEY_UISupportedInterfaceOrientations_iPad = "UIInterfaceOrientationPortrait UIInterfaceOrientationPortraitUpsideDown UIInterfaceOrientationLandscapeLeft UIInterfaceOrientationLandscapeRight";
				INFOPLIST_KEY_UISupportedInterfaceOrientations_iPhone = "UIInterfaceOrientationPortrait UIInterfaceOrientationLandscapeLeft UIInterfaceOrientationLandscapeRight";
				LD_RUNPATH_SEARCH_PATHS = (
					"$(inherited)",
					"@executable_path/Frameworks",
				);
				MARKETING_VERSION = 1.0;
				PRODUCT_BUNDLE_IDENTIFIER = "andersonuniversity.edu.Its-Raining-Cats-and-Dogs-in-the-App";
				PRODUCT_NAME = "$(TARGET_NAME)";
				SWIFT_EMIT_LOC_STRINGS = YES;
				SWIFT_VERSION = 5.0;
				TARGETED_DEVICE_FAMILY = "1,2";
			};
			name = Debug;
		};
		0F239FDC2BA0936E00F74D9D /* Release */ = {
			isa = XCBuildConfiguration;
			buildSettings = {
				ASSETCATALOG_COMPILER_APPICON_NAME = AppIcon;
				ASSETCATALOG_COMPILER_GLOBAL_ACCENT_COLOR_NAME = AccentColor;
				CODE_SIGN_STYLE = Automatic;
				CURRENT_PROJECT_VERSION = 1;
				GENERATE_INFOPLIST_FILE = YES;
				INFOPLIST_FILE = "Its Raining Cats and Dogs in the App/Info.plist";
				INFOPLIST_KEY_UIApplicationSupportsIndirectInputEvents = YES;
				INFOPLIST_KEY_UILaunchStoryboardName = LaunchScreen;
				INFOPLIST_KEY_UIMainStoryboardFile = Main;
				INFOPLIST_KEY_UISupportedInterfaceOrientations_iPad = "UIInterfaceOrientationPortrait UIInterfaceOrientationPortraitUpsideDown UIInterfaceOrientationLandscapeLeft UIInterfaceOrientationLandscapeRight";
				INFOPLIST_KEY_UISupportedInterfaceOrientations_iPhone = "UIInterfaceOrientationPortrait UIInterfaceOrientationLandscapeLeft UIInterfaceOrientationLandscapeRight";
				LD_RUNPATH_SEARCH_PATHS = (
					"$(inherited)",
					"@executable_path/Frameworks",
				);
				MARKETING_VERSION = 1.0;
				PRODUCT_BUNDLE_IDENTIFIER = "andersonuniversity.edu.Its-Raining-Cats-and-Dogs-in-the-App";
				PRODUCT_NAME = "$(TARGET_NAME)";
				SWIFT_EMIT_LOC_STRINGS = YES;
				SWIFT_VERSION = 5.0;
				TARGETED_DEVICE_FAMILY = "1,2";
			};
			name = Release;
		};
/* End XCBuildConfiguration section */

/* Begin XCConfigurationList section */
		0F239FC12BA0936D00F74D9D /* Build configuration list for PBXProject "Its Raining Cats and Dogs in the App" */ = {
			isa = XCConfigurationList;
			buildConfigurations = (
				0F239FD82BA0936E00F74D9D /* Debug */,
				0F239FD92BA0936E00F74D9D /* Release */,
			);
			defaultConfigurationIsVisible = 0;
			defaultConfigurationName = Release;
		};
		0F239FDA2BA0936E00F74D9D /* Build configuration list for PBXNativeTarget "Its Raining Cats and Dogs in the App" */ = {
			isa = XCConfigurationList;
			buildConfigurations = (
				0F239FDB2BA0936E00F74D9D /* Debug */,
				0F239FDC2BA0936E00F74D9D /* Release */,
			);
			defaultConfigurationIsVisible = 0;
			defaultConfigurationName = Release;
		};
/* End XCConfigurationList section */
	};
	rootObject = 0F239FBE2BA0936D00F74D9D /* Project object */;
}
